
Microsoft Visual Studio Solution File, Format Version 12.00
# Visual Studio 2012
Project("{159641D6-6404-4A2A-AE62-294DE0FE8301}") = "TasksDemo", "TasksDemo\TasksDemo.dtproj", "{103DD37E-1B35-42B9-9CE8-DE87DF318518}"
EndProject
Global
	GlobalSection(SolutionConfigurationPlatforms) = preSolution
		Development|Default = Development|Default
	EndGlobalSection
	GlobalSection(ProjectConfigurationPlatforms) = postSolution
		{103DD37E-1B35-42B9-9CE8-DE87DF318518}.Development|Default.ActiveCfg = Development
		{103DD37E-1B35-42B9-9CE8-DE87DF318518}.Development|Default.Build.0 = Development
	EndGlobalSection
	GlobalSection(SolutionProperties) = preSolution
		HideSolutionNode = FALSE
	EndGlobalSection
EndGlobal
